
Microsoft Visual Studio Solution File, Format Version 12.00
# Visual Studio 15
VisualStudioVersion = 15.0.27703.2035
MinimumVisualStudioVersion = 10.0.40219.1
Project("{8BC9CEB8-8B4A-11D0-8D11-00A0C91BC942}") = "KerriganRicci", "KerriganRicci\KerriganRicci.vcxproj", "{19AE2EDF-6EFA-46E6-904C-FD4DE51F893E}"
EndProject
Global
	GlobalSection(SolutionConfigurationPlatforms) = preSolution
		Debug|x64 = Debug|x64
		Debug|x86 = Debug|x86
		Release|x64 = Release|x64
		Release|x86 = Release|x86
	EndGlobalSection
	GlobalSection(ProjectConfigurationPlatforms) = postSolution
		{19AE2EDF-6EFA-46E6-904C-FD4DE51F893E}.Debug|x64.ActiveCfg = Debug|x64
		{19AE2EDF-6EFA-46E6-904C-FD4DE51F893E}.Debug|x64.Build.0 = Debug|x64
		{19AE2EDF-6EFA-46E6-904C-FD4DE51F893E}.Debug|x86.ActiveCfg = Debug|Win32
		{19AE2EDF-6EFA-46E6-904C-FD4DE51F893E}.Debug|x86.Build.0 = Debug|Win32
		{19AE2EDF-6EFA-46E6-904C-FD4DE51F893E}.Release|x64.ActiveCfg = Release|x64
		{19AE2EDF-6EFA-46E6-904C-FD4DE51F893E}.Release|x64.Build.0 = Release|x64
		{19AE2EDF-6EFA-46E6-904C-FD4DE51F893E}.Release|x86.ActiveCfg = Release|Win32
		{19AE2EDF-6EFA-46E6-904C-FD4DE51F893E}.Release|x86.Build.0 = Release|Win32
	EndGlobalSection
	GlobalSection(SolutionProperties) = preSolution
		HideSolutionNode = FALSE
	EndGlobalSection
	GlobalSection(ExtensibilityGlobals) = postSolution
		SolutionGuid = {D1293A80-1B5B-4C84-BCEB-167EB46D7B4A}
	EndGlobalSection
EndGlobal
